// !$*UTF8*$!
{
	archiveVersion = 1;
	classes = {
	};
	objectVersion = 51;
	objects = {

/* Begin PBXBuildFile section */
		361020D222F2A71300645057 /* Keystore.swift in Sources */ = {isa = PBXBuildFile; fileRef = 361020D122F2A71300645057 /* Keystore.swift */; };
		361020D422F2A76D00645057 /* KeystoreFactory.swift in Sources */ = {isa = PBXBuildFile; fileRef = 361020D322F2A76D00645057 /* KeystoreFactory.swift */; };
		361020D622F2AA4F00645057 /* KeystoreTests.swift in Sources */ = {isa = PBXBuildFile; fileRef = 361020D522F2AA4F00645057 /* KeystoreTests.swift */; };
		3621757A22F1AACD00864BEB /* AccountTests.swift in Sources */ = {isa = PBXBuildFile; fileRef = 3621757922F1AACD00864BEB /* AccountTests.swift */; };
		3621758C22F1AECF00864BEB /* README.md in Resources */ = {isa = PBXBuildFile; fileRef = 3621758A22F1AECF00864BEB /* README.md */; };
		362175DC22F1C39300864BEB /* Account.swift in Sources */ = {isa = PBXBuildFile; fileRef = 362175DB22F1C39300864BEB /* Account.swift */; };
		362175E022F1C3E700864BEB /* HexEncoding.swift in Sources */ = {isa = PBXBuildFile; fileRef = 362175DF22F1C3E700864BEB /* HexEncoding.swift */; };
		362175E222F1C41C00864BEB /* Secp256k1.swift in Sources */ = {isa = PBXBuildFile; fileRef = 362175E122F1C41C00864BEB /* Secp256k1.swift */; };
		3641841E22FD60AF00A368C3 /* SolidityWrappedValue.swift in Sources */ = {isa = PBXBuildFile; fileRef = 3641841D22FD60AF00A368C3 /* SolidityWrappedValue.swift */; };
		3641842022FD60D700A368C3 /* SolidityTuple.swift in Sources */ = {isa = PBXBuildFile; fileRef = 3641841F22FD60D700A368C3 /* SolidityTuple.swift */; };
		3641842222FD650F00A368C3 /* SolidityEvent.swift in Sources */ = {isa = PBXBuildFile; fileRef = 3641842122FD650F00A368C3 /* SolidityEvent.swift */; };
		3641842422FD655800A368C3 /* SolidityFunction.swift in Sources */ = {isa = PBXBuildFile; fileRef = 3641842322FD655800A368C3 /* SolidityFunction.swift */; };
		3641842822FD65BD00A368C3 /* ABIObject.swift in Sources */ = {isa = PBXBuildFile; fileRef = 3641842722FD65BD00A368C3 /* ABIObject.swift */; };
		3641842A22FD683700A368C3 /* ABI.swift in Sources */ = {isa = PBXBuildFile; fileRef = 3641842922FD683700A368C3 /* ABI.swift */; };
		3641842C22FD689B00A368C3 /* SolidityType+Codable.swift in Sources */ = {isa = PBXBuildFile; fileRef = 3641842B22FD689B00A368C3 /* SolidityType+Codable.swift */; };
		3641842F22FD719100A368C3 /* AddressTests.swift in Sources */ = {isa = PBXBuildFile; fileRef = 3641842E22FD719100A368C3 /* AddressTests.swift */; };
		3641843122FD771F00A368C3 /* Contract.swift in Sources */ = {isa = PBXBuildFile; fileRef = 3641843022FD771F00A368C3 /* Contract.swift */; };
		3641843422FDAAAC00A368C3 /* ContractTests.swift in Sources */ = {isa = PBXBuildFile; fileRef = 3641843322FDAAAC00A368C3 /* ContractTests.swift */; };
		36462D2822FA6185003D40B5 /* IOTX.swift in Sources */ = {isa = PBXBuildFile; fileRef = 36462D2722FA6185003D40B5 /* IOTX.swift */; };
		36462D2A22FA6248003D40B5 /* Requests.swift in Sources */ = {isa = PBXBuildFile; fileRef = 36462D2922FA6248003D40B5 /* Requests.swift */; };
		36462D2D22FA68A9003D40B5 /* Envelop.swift in Sources */ = {isa = PBXBuildFile; fileRef = 36462D2C22FA68A9003D40B5 /* Envelop.swift */; };
		36462D2F22FA7426003D40B5 /* SealedEnvelop.swift in Sources */ = {isa = PBXBuildFile; fileRef = 36462D2E22FA7426003D40B5 /* SealedEnvelop.swift */; };
		36462D3122FA7882003D40B5 /* Data+Bytes.swift in Sources */ = {isa = PBXBuildFile; fileRef = 36462D3022FA7882003D40B5 /* Data+Bytes.swift */; };
		36462D3322FA83D4003D40B5 /* AbstractMethod.swift in Sources */ = {isa = PBXBuildFile; fileRef = 36462D3222FA83D3003D40B5 /* AbstractMethod.swift */; };
		36462D3522FA862E003D40B5 /* ActionRequest.swift in Sources */ = {isa = PBXBuildFile; fileRef = 36462D3422FA862E003D40B5 /* ActionRequest.swift */; };
		36462D3722FBABF8003D40B5 /* TransferMethod.swift in Sources */ = {isa = PBXBuildFile; fileRef = 36462D3622FBABF8003D40B5 /* TransferMethod.swift */; };
		36486B5422F7C44700FD5567 /* proto in Resources */ = {isa = PBXBuildFile; fileRef = 36486B5322F7C44600FD5567 /* proto */; };
		364CC8CE22F8144F0017FCCB /* genesis.pb.swift in Sources */ = {isa = PBXBuildFile; fileRef = 364CC8C522F8144F0017FCCB /* genesis.pb.swift */; };
		364CC8CF22F8144F0017FCCB /* rpc.pb.swift in Sources */ = {isa = PBXBuildFile; fileRef = 364CC8C622F8144F0017FCCB /* rpc.pb.swift */; };
		364CC8D022F8144F0017FCCB /* endorsement.pb.swift in Sources */ = {isa = PBXBuildFile; fileRef = 364CC8C722F8144F0017FCCB /* endorsement.pb.swift */; };
		364CC8D122F8144F0017FCCB /* node.pb.swift in Sources */ = {isa = PBXBuildFile; fileRef = 364CC8C822F8144F0017FCCB /* node.pb.swift */; };
		364CC8D222F8144F0017FCCB /* consensus.pb.swift in Sources */ = {isa = PBXBuildFile; fileRef = 364CC8C922F8144F0017FCCB /* consensus.pb.swift */; };
		364CC8D322F8144F0017FCCB /* action.pb.swift in Sources */ = {isa = PBXBuildFile; fileRef = 364CC8CA22F8144F0017FCCB /* action.pb.swift */; };
		364CC8D422F8144F0017FCCB /* api.grpc.swift in Sources */ = {isa = PBXBuildFile; fileRef = 364CC8CB22F8144F0017FCCB /* api.grpc.swift */; };
		364CC8D522F8144F0017FCCB /* api.pb.swift in Sources */ = {isa = PBXBuildFile; fileRef = 364CC8CC22F8144F0017FCCB /* api.pb.swift */; };
		364CC8D622F8144F0017FCCB /* blockchain.pb.swift in Sources */ = {isa = PBXBuildFile; fileRef = 364CC8CD22F8144F0017FCCB /* blockchain.pb.swift */; };
		364CC8D922F815AA0017FCCB /* RPCMethod.swift in Sources */ = {isa = PBXBuildFile; fileRef = 364CC8D822F815AA0017FCCB /* RPCMethod.swift */; };
		364CC8DC22F818320017FCCB /* RPCMethodTests.swift in Sources */ = {isa = PBXBuildFile; fileRef = 364CC8DB22F818320017FCCB /* RPCMethodTests.swift */; };
		3654181C22F1D2EA004382B1 /* Bech32.swift in Sources */ = {isa = PBXBuildFile; fileRef = 3654181B22F1D2EA004382B1 /* Bech32.swift */; };
		3654182222F1F41E004382B1 /* BytesConvertible.swift in Sources */ = {isa = PBXBuildFile; fileRef = 3654182122F1F41E004382B1 /* BytesConvertible.swift */; };
		3654182422F1F473004382B1 /* Bytes+SecureRandom.swift in Sources */ = {isa = PBXBuildFile; fileRef = 3654182322F1F473004382B1 /* Bytes+SecureRandom.swift */; };
		3654182622F1F4B5004382B1 /* Bytes+UInt.swift in Sources */ = {isa = PBXBuildFile; fileRef = 3654182522F1F4B5004382B1 /* Bytes+UInt.swift */; };
		3654182822F1F5A9004382B1 /* Bytes+HexString.swift in Sources */ = {isa = PBXBuildFile; fileRef = 3654182722F1F5A9004382B1 /* Bytes+HexString.swift */; };
		3654182A22F1F5E1004382B1 /* Bytes+TrimLeadingZeros.swift in Sources */ = {isa = PBXBuildFile; fileRef = 3654182922F1F5E1004382B1 /* Bytes+TrimLeadingZeros.swift */; };
		3654182C22F277E5004382B1 /* String+HexBytes.swift in Sources */ = {isa = PBXBuildFile; fileRef = 3654182B22F277E5004382B1 /* String+HexBytes.swift */; };
		366A345A22F2A5D20076923E /* Scrypt.swift in Sources */ = {isa = PBXBuildFile; fileRef = 366A345922F2A5D20076923E /* Scrypt.swift */; };
		36857A5F22FBB0C30062F990 /* TransferTests.swift in Sources */ = {isa = PBXBuildFile; fileRef = 36857A5E22FBB0C30062F990 /* TransferTests.swift */; };
		368F7AA922FCFD52003DB452 /* ExecutionTests.swift in Sources */ = {isa = PBXBuildFile; fileRef = 368F7AA822FCFD52003DB452 /* ExecutionTests.swift */; };
		368F7AAD22FD0A7B003DB452 /* SolidityType.swift in Sources */ = {isa = PBXBuildFile; fileRef = 368F7AAC22FD0A7B003DB452 /* SolidityType.swift */; };
		368F7AAF22FD0ABB003DB452 /* ABIConvertible.swift in Sources */ = {isa = PBXBuildFile; fileRef = 368F7AAE22FD0ABB003DB452 /* ABIConvertible.swift */; };
		368F7AB122FD2234003DB452 /* String+Conversion.swift in Sources */ = {isa = PBXBuildFile; fileRef = 368F7AB022FD2234003DB452 /* String+Conversion.swift */; };
		3692930F22FCDF1C00C7A5A0 /* ExecutionMethod.swift in Sources */ = {isa = PBXBuildFile; fileRef = 3692930E22FCDF1C00C7A5A0 /* ExecutionMethod.swift */; };
		369DED8022FD607500775D3B /* ABIEncoder.swift in Sources */ = {isa = PBXBuildFile; fileRef = 369DED7F22FD607500775D3B /* ABIEncoder.swift */; };
		36B3CC6022FD479500FED146 /* Address.swift in Sources */ = {isa = PBXBuildFile; fileRef = 36B3CC5F22FD479500FED146 /* Address.swift */; };
		36B3CC6222FD5FFF00FED146 /* ABIDecoder.swift in Sources */ = {isa = PBXBuildFile; fileRef = 36B3CC6122FD5FFF00FED146 /* ABIDecoder.swift */; };
		36DF24F522F2A6100065EDF7 /* ScryptParams.swift in Sources */ = {isa = PBXBuildFile; fileRef = 36DF24F422F2A6100065EDF7 /* ScryptParams.swift */; };
		41463CB4C7D3E2DDE7E70875 /* Pods_Shows_iotex_antenna_swiftTests.framework in Frameworks */ = {isa = PBXBuildFile; fileRef = FE2E1782B40A80C8C6CD8AEE /* Pods_Shows_iotex_antenna_swiftTests.framework */; };
		D4FD7C5CFF5C896444AC23A2 /* Pods_Shows_iotex_antenna_swift.framework in Frameworks */ = {isa = PBXBuildFile; fileRef = B048B4B2E57880C6C4150D4F /* Pods_Shows_iotex_antenna_swift.framework */; };
/* End PBXBuildFile section */

/* Begin PBXContainerItemProxy section */
		3621757622F1AACD00864BEB /* PBXContainerItemProxy */ = {
			isa = PBXContainerItemProxy;
			containerPortal = 3621756222F1AACD00864BEB /* Project object */;
			proxyType = 1;
			remoteGlobalIDString = 3621756A22F1AACD00864BEB;
			remoteInfo = "iotex-swift";
		};
/* End PBXContainerItemProxy section */

/* Begin PBXFileReference section */
		17685FAFD35761A6E56BDA0C /* Pods-Shows-iotex-antenna-swiftTests.release.xcconfig */ = {isa = PBXFileReference; includeInIndex = 1; lastKnownFileType = text.xcconfig; name = "Pods-Shows-iotex-antenna-swiftTests.release.xcconfig"; path = "Target Support Files/Pods-Shows-iotex-antenna-swiftTests/Pods-Shows-iotex-antenna-swiftTests.release.xcconfig"; sourceTree = "<group>"; };
		257CB428DEE42440A93AA9A7 /* Pods-Shows-iotex-antenna-swift.debug.xcconfig */ = {isa = PBXFileReference; includeInIndex = 1; lastKnownFileType = text.xcconfig; name = "Pods-Shows-iotex-antenna-swift.debug.xcconfig"; path = "Target Support Files/Pods-Shows-iotex-antenna-swift/Pods-Shows-iotex-antenna-swift.debug.xcconfig"; sourceTree = "<group>"; };
		361020D122F2A71300645057 /* Keystore.swift */ = {isa = PBXFileReference; fileEncoding = 4; lastKnownFileType = sourcecode.swift; path = Keystore.swift; sourceTree = "<group>"; };
		361020D322F2A76D00645057 /* KeystoreFactory.swift */ = {isa = PBXFileReference; lastKnownFileType = sourcecode.swift; path = KeystoreFactory.swift; sourceTree = "<group>"; };
		361020D522F2AA4F00645057 /* KeystoreTests.swift */ = {isa = PBXFileReference; lastKnownFileType = sourcecode.swift; path = KeystoreTests.swift; sourceTree = "<group>"; };
		3621756B22F1AACD00864BEB /* iotex_antenna_swift.framework */ = {isa = PBXFileReference; explicitFileType = wrapper.framework; includeInIndex = 0; path = iotex_antenna_swift.framework; sourceTree = BUILT_PRODUCTS_DIR; };
		3621756F22F1AACD00864BEB /* Info.plist */ = {isa = PBXFileReference; lastKnownFileType = text.plist.xml; path = Info.plist; sourceTree = "<group>"; };
		3621757422F1AACD00864BEB /* iotex-antenna-swiftTests.xctest */ = {isa = PBXFileReference; explicitFileType = wrapper.cfbundle; includeInIndex = 0; path = "iotex-antenna-swiftTests.xctest"; sourceTree = BUILT_PRODUCTS_DIR; };
		3621757922F1AACD00864BEB /* AccountTests.swift */ = {isa = PBXFileReference; lastKnownFileType = sourcecode.swift; path = AccountTests.swift; sourceTree = "<group>"; };
		3621757B22F1AACD00864BEB /* Info.plist */ = {isa = PBXFileReference; lastKnownFileType = text.plist.xml; path = Info.plist; sourceTree = "<group>"; };
		3621758922F1AECF00864BEB /* Cartfile */ = {isa = PBXFileReference; fileEncoding = 4; lastKnownFileType = text; path = Cartfile; sourceTree = "<group>"; };
		3621758A22F1AECF00864BEB /* README.md */ = {isa = PBXFileReference; fileEncoding = 4; lastKnownFileType = net.daringfireball.markdown; path = README.md; sourceTree = "<group>"; };
		3621758E22F1B01300864BEB /* secp256k1.framework */ = {isa = PBXFileReference; lastKnownFileType = wrapper.framework; name = secp256k1.framework; path = Carthage/Build/iOS/secp256k1.framework; sourceTree = "<group>"; };
		3621758F22F1B01300864BEB /* CryptoSwift.framework */ = {isa = PBXFileReference; lastKnownFileType = wrapper.framework; name = CryptoSwift.framework; path = Carthage/Build/iOS/CryptoSwift.framework; sourceTree = "<group>"; };
		3621759D22F1B21600864BEB /* IoTeX.h */ = {isa = PBXFileReference; lastKnownFileType = sourcecode.c.h; path = IoTeX.h; sourceTree = "<group>"; };
		362175DB22F1C39300864BEB /* Account.swift */ = {isa = PBXFileReference; lastKnownFileType = sourcecode.swift; path = Account.swift; sourceTree = "<group>"; };
		362175DF22F1C3E700864BEB /* HexEncoding.swift */ = {isa = PBXFileReference; lastKnownFileType = sourcecode.swift; path = HexEncoding.swift; sourceTree = "<group>"; };
		362175E122F1C41C00864BEB /* Secp256k1.swift */ = {isa = PBXFileReference; lastKnownFileType = sourcecode.swift; path = Secp256k1.swift; sourceTree = "<group>"; };
		3641841D22FD60AF00A368C3 /* SolidityWrappedValue.swift */ = {isa = PBXFileReference; fileEncoding = 4; lastKnownFileType = sourcecode.swift; path = SolidityWrappedValue.swift; sourceTree = "<group>"; };
		3641841F22FD60D700A368C3 /* SolidityTuple.swift */ = {isa = PBXFileReference; lastKnownFileType = sourcecode.swift; path = SolidityTuple.swift; sourceTree = "<group>"; };
		3641842122FD650F00A368C3 /* SolidityEvent.swift */ = {isa = PBXFileReference; lastKnownFileType = sourcecode.swift; path = SolidityEvent.swift; sourceTree = "<group>"; };
		3641842322FD655800A368C3 /* SolidityFunction.swift */ = {isa = PBXFileReference; lastKnownFileType = sourcecode.swift; path = SolidityFunction.swift; sourceTree = "<group>"; };
		3641842722FD65BD00A368C3 /* ABIObject.swift */ = {isa = PBXFileReference; lastKnownFileType = sourcecode.swift; path = ABIObject.swift; sourceTree = "<group>"; };
		3641842922FD683700A368C3 /* ABI.swift */ = {isa = PBXFileReference; lastKnownFileType = sourcecode.swift; path = ABI.swift; sourceTree = "<group>"; };
		3641842B22FD689B00A368C3 /* SolidityType+Codable.swift */ = {isa = PBXFileReference; lastKnownFileType = sourcecode.swift; path = "SolidityType+Codable.swift"; sourceTree = "<group>"; };
		3641842E22FD719100A368C3 /* AddressTests.swift */ = {isa = PBXFileReference; lastKnownFileType = sourcecode.swift; path = AddressTests.swift; sourceTree = "<group>"; };
		3641843022FD771F00A368C3 /* Contract.swift */ = {isa = PBXFileReference; lastKnownFileType = sourcecode.swift; path = Contract.swift; sourceTree = "<group>"; };
		3641843322FDAAAC00A368C3 /* ContractTests.swift */ = {isa = PBXFileReference; lastKnownFileType = sourcecode.swift; path = ContractTests.swift; sourceTree = "<group>"; };
		36462D2722FA6185003D40B5 /* IOTX.swift */ = {isa = PBXFileReference; lastKnownFileType = sourcecode.swift; path = IOTX.swift; sourceTree = "<group>"; };
		36462D2922FA6248003D40B5 /* Requests.swift */ = {isa = PBXFileReference; lastKnownFileType = sourcecode.swift; path = Requests.swift; sourceTree = "<group>"; };
		36462D2C22FA68A9003D40B5 /* Envelop.swift */ = {isa = PBXFileReference; lastKnownFileType = sourcecode.swift; path = Envelop.swift; sourceTree = "<group>"; };
		36462D2E22FA7426003D40B5 /* SealedEnvelop.swift */ = {isa = PBXFileReference; lastKnownFileType = sourcecode.swift; path = SealedEnvelop.swift; sourceTree = "<group>"; };
		36462D3022FA7882003D40B5 /* Data+Bytes.swift */ = {isa = PBXFileReference; lastKnownFileType = sourcecode.swift; path = "Data+Bytes.swift"; sourceTree = "<group>"; };
		36462D3222FA83D3003D40B5 /* AbstractMethod.swift */ = {isa = PBXFileReference; lastKnownFileType = sourcecode.swift; path = AbstractMethod.swift; sourceTree = "<group>"; };
		36462D3422FA862E003D40B5 /* ActionRequest.swift */ = {isa = PBXFileReference; lastKnownFileType = sourcecode.swift; path = ActionRequest.swift; sourceTree = "<group>"; };
		36462D3622FBABF8003D40B5 /* TransferMethod.swift */ = {isa = PBXFileReference; lastKnownFileType = sourcecode.swift; path = TransferMethod.swift; sourceTree = "<group>"; };
		36486B5322F7C44600FD5567 /* proto */ = {isa = PBXFileReference; lastKnownFileType = folder; path = proto; sourceTree = "<group>"; };
		364CC8C522F8144F0017FCCB /* genesis.pb.swift */ = {isa = PBXFileReference; fileEncoding = 4; lastKnownFileType = sourcecode.swift; path = genesis.pb.swift; sourceTree = "<group>"; };
		364CC8C622F8144F0017FCCB /* rpc.pb.swift */ = {isa = PBXFileReference; fileEncoding = 4; lastKnownFileType = sourcecode.swift; path = rpc.pb.swift; sourceTree = "<group>"; };
		364CC8C722F8144F0017FCCB /* endorsement.pb.swift */ = {isa = PBXFileReference; fileEncoding = 4; lastKnownFileType = sourcecode.swift; path = endorsement.pb.swift; sourceTree = "<group>"; };
		364CC8C822F8144F0017FCCB /* node.pb.swift */ = {isa = PBXFileReference; fileEncoding = 4; lastKnownFileType = sourcecode.swift; path = node.pb.swift; sourceTree = "<group>"; };
		364CC8C922F8144F0017FCCB /* consensus.pb.swift */ = {isa = PBXFileReference; fileEncoding = 4; lastKnownFileType = sourcecode.swift; path = consensus.pb.swift; sourceTree = "<group>"; };
		364CC8CA22F8144F0017FCCB /* action.pb.swift */ = {isa = PBXFileReference; fileEncoding = 4; lastKnownFileType = sourcecode.swift; path = action.pb.swift; sourceTree = "<group>"; };
		364CC8CB22F8144F0017FCCB /* api.grpc.swift */ = {isa = PBXFileReference; fileEncoding = 4; lastKnownFileType = sourcecode.swift; path = api.grpc.swift; sourceTree = "<group>"; };
		364CC8CC22F8144F0017FCCB /* api.pb.swift */ = {isa = PBXFileReference; fileEncoding = 4; lastKnownFileType = sourcecode.swift; path = api.pb.swift; sourceTree = "<group>"; };
		364CC8CD22F8144F0017FCCB /* blockchain.pb.swift */ = {isa = PBXFileReference; fileEncoding = 4; lastKnownFileType = sourcecode.swift; path = blockchain.pb.swift; sourceTree = "<group>"; };
		364CC8D822F815AA0017FCCB /* RPCMethod.swift */ = {isa = PBXFileReference; lastKnownFileType = sourcecode.swift; path = RPCMethod.swift; sourceTree = "<group>"; };
		364CC8DB22F818320017FCCB /* RPCMethodTests.swift */ = {isa = PBXFileReference; lastKnownFileType = sourcecode.swift; path = RPCMethodTests.swift; sourceTree = "<group>"; };
		3654181B22F1D2EA004382B1 /* Bech32.swift */ = {isa = PBXFileReference; fileEncoding = 4; lastKnownFileType = sourcecode.swift; path = Bech32.swift; sourceTree = "<group>"; };
		3654182122F1F41E004382B1 /* BytesConvertible.swift */ = {isa = PBXFileReference; lastKnownFileType = sourcecode.swift; path = BytesConvertible.swift; sourceTree = "<group>"; };
		3654182322F1F473004382B1 /* Bytes+SecureRandom.swift */ = {isa = PBXFileReference; lastKnownFileType = sourcecode.swift; path = "Bytes+SecureRandom.swift"; sourceTree = "<group>"; };
		3654182522F1F4B5004382B1 /* Bytes+UInt.swift */ = {isa = PBXFileReference; lastKnownFileType = sourcecode.swift; path = "Bytes+UInt.swift"; sourceTree = "<group>"; };
		3654182722F1F5A9004382B1 /* Bytes+HexString.swift */ = {isa = PBXFileReference; lastKnownFileType = sourcecode.swift; path = "Bytes+HexString.swift"; sourceTree = "<group>"; };
		3654182922F1F5E1004382B1 /* Bytes+TrimLeadingZeros.swift */ = {isa = PBXFileReference; lastKnownFileType = sourcecode.swift; path = "Bytes+TrimLeadingZeros.swift"; sourceTree = "<group>"; };
		3654182B22F277E5004382B1 /* String+HexBytes.swift */ = {isa = PBXFileReference; lastKnownFileType = sourcecode.swift; path = "String+HexBytes.swift"; sourceTree = "<group>"; };
		366A345922F2A5D20076923E /* Scrypt.swift */ = {isa = PBXFileReference; fileEncoding = 4; lastKnownFileType = sourcecode.swift; path = Scrypt.swift; sourceTree = "<group>"; };
		36857A5E22FBB0C30062F990 /* TransferTests.swift */ = {isa = PBXFileReference; lastKnownFileType = sourcecode.swift; path = TransferTests.swift; sourceTree = "<group>"; };
		368F7AA822FCFD52003DB452 /* ExecutionTests.swift */ = {isa = PBXFileReference; lastKnownFileType = sourcecode.swift; path = ExecutionTests.swift; sourceTree = "<group>"; };
		368F7AAC22FD0A7B003DB452 /* SolidityType.swift */ = {isa = PBXFileReference; lastKnownFileType = sourcecode.swift; path = SolidityType.swift; sourceTree = "<group>"; };
		368F7AAE22FD0ABB003DB452 /* ABIConvertible.swift */ = {isa = PBXFileReference; lastKnownFileType = sourcecode.swift; path = ABIConvertible.swift; sourceTree = "<group>"; };
		368F7AB022FD2234003DB452 /* String+Conversion.swift */ = {isa = PBXFileReference; lastKnownFileType = sourcecode.swift; path = "String+Conversion.swift"; sourceTree = "<group>"; };
		3692930E22FCDF1C00C7A5A0 /* ExecutionMethod.swift */ = {isa = PBXFileReference; lastKnownFileType = sourcecode.swift; path = ExecutionMethod.swift; sourceTree = "<group>"; };
		369DED7F22FD607500775D3B /* ABIEncoder.swift */ = {isa = PBXFileReference; fileEncoding = 4; lastKnownFileType = sourcecode.swift; path = ABIEncoder.swift; sourceTree = "<group>"; };
		36B3CC5F22FD479500FED146 /* Address.swift */ = {isa = PBXFileReference; fileEncoding = 4; lastKnownFileType = sourcecode.swift; path = Address.swift; sourceTree = "<group>"; };
		36B3CC6122FD5FFF00FED146 /* ABIDecoder.swift */ = {isa = PBXFileReference; lastKnownFileType = sourcecode.swift; path = ABIDecoder.swift; sourceTree = "<group>"; };
		36DF24F422F2A6100065EDF7 /* ScryptParams.swift */ = {isa = PBXFileReference; fileEncoding = 4; lastKnownFileType = sourcecode.swift; path = ScryptParams.swift; sourceTree = "<group>"; };
		970A632D22F80F7F00635F3E /* CryptoSwift.framework */ = {isa = PBXFileReference; explicitFileType = wrapper.framework; path = CryptoSwift.framework; sourceTree = BUILT_PRODUCTS_DIR; };
		970A632F22F80F8300635F3E /* secp256k1.framework */ = {isa = PBXFileReference; explicitFileType = wrapper.framework; path = secp256k1.framework; sourceTree = BUILT_PRODUCTS_DIR; };
		B048B4B2E57880C6C4150D4F /* Pods_Shows_iotex_antenna_swift.framework */ = {isa = PBXFileReference; explicitFileType = wrapper.framework; includeInIndex = 0; path = Pods_Shows_iotex_antenna_swift.framework; sourceTree = BUILT_PRODUCTS_DIR; };
		F2E804B13314AD4B8074B9A6 /* Pods-Shows-iotex-antenna-swift.release.xcconfig */ = {isa = PBXFileReference; includeInIndex = 1; lastKnownFileType = text.xcconfig; name = "Pods-Shows-iotex-antenna-swift.release.xcconfig"; path = "Target Support Files/Pods-Shows-iotex-antenna-swift/Pods-Shows-iotex-antenna-swift.release.xcconfig"; sourceTree = "<group>"; };
		F7625C34EFB9EEC013EC978C /* Pods-Shows-iotex-antenna-swiftTests.debug.xcconfig */ = {isa = PBXFileReference; includeInIndex = 1; lastKnownFileType = text.xcconfig; name = "Pods-Shows-iotex-antenna-swiftTests.debug.xcconfig"; path = "Target Support Files/Pods-Shows-iotex-antenna-swiftTests/Pods-Shows-iotex-antenna-swiftTests.debug.xcconfig"; sourceTree = "<group>"; };
		FE2E1782B40A80C8C6CD8AEE /* Pods_Shows_iotex_antenna_swiftTests.framework */ = {isa = PBXFileReference; explicitFileType = wrapper.framework; includeInIndex = 0; path = Pods_Shows_iotex_antenna_swiftTests.framework; sourceTree = BUILT_PRODUCTS_DIR; };
/* End PBXFileReference section */

/* Begin PBXFrameworksBuildPhase section */
		3621756822F1AACD00864BEB /* Frameworks */ = {
			isa = PBXFrameworksBuildPhase;
			buildActionMask = 2147483647;
			files = (
				D4FD7C5CFF5C896444AC23A2 /* Pods_Shows_iotex_antenna_swift.framework in Frameworks */,
			);
			runOnlyForDeploymentPostprocessing = 0;
		};
		3621757122F1AACD00864BEB /* Frameworks */ = {
			isa = PBXFrameworksBuildPhase;
			buildActionMask = 2147483647;
			files = (
				41463CB4C7D3E2DDE7E70875 /* Pods_Shows_iotex_antenna_swiftTests.framework in Frameworks */,
			);
			runOnlyForDeploymentPostprocessing = 0;
		};
/* End PBXFrameworksBuildPhase section */

/* Begin PBXGroup section */
		17AE27E50B3823AA8C8A2F4E /* Pods */ = {
			isa = PBXGroup;
			children = (
				257CB428DEE42440A93AA9A7 /* Pods-Shows-iotex-antenna-swift.debug.xcconfig */,
				F2E804B13314AD4B8074B9A6 /* Pods-Shows-iotex-antenna-swift.release.xcconfig */,
				F7625C34EFB9EEC013EC978C /* Pods-Shows-iotex-antenna-swiftTests.debug.xcconfig */,
				17685FAFD35761A6E56BDA0C /* Pods-Shows-iotex-antenna-swiftTests.release.xcconfig */,
			);
			path = Pods;
			sourceTree = "<group>";
		};
		3621756122F1AACD00864BEB = {
			isa = PBXGroup;
			children = (
				36486B5322F7C44600FD5567 /* proto */,
				3621758922F1AECF00864BEB /* Cartfile */,
				3621758A22F1AECF00864BEB /* README.md */,
				3621756D22F1AACD00864BEB /* Sources */,
				3621757822F1AACD00864BEB /* Tests */,
				3621756C22F1AACD00864BEB /* Products */,
				3621758D22F1B01200864BEB /* Frameworks */,
				17AE27E50B3823AA8C8A2F4E /* Pods */,
			);
			sourceTree = "<group>";
		};
		3621756C22F1AACD00864BEB /* Products */ = {
			isa = PBXGroup;
			children = (
				3621756B22F1AACD00864BEB /* iotex_antenna_swift.framework */,
				3621757422F1AACD00864BEB /* iotex-antenna-swiftTests.xctest */,
			);
			name = Products;
			sourceTree = "<group>";
		};
		3621756D22F1AACD00864BEB /* Sources */ = {
			isa = PBXGroup;
			children = (
				368F7AAB22FD0854003DB452 /* Solidity */,
				368F7AAA22FD0059003DB452 /* Contract */,
				36462D2B22FA6572003D40B5 /* Action */,
				36462D2622FA616E003D40B5 /* Protocol */,
				364CC8D722F8155F0017FCCB /* Rpc */,
				364CC8C422F814120017FCCB /* Protogen */,
				362175DE22F1C3CB00864BEB /* Utils */,
				362175DD22F1C3A200864BEB /* Crypto */,
				362175DA22F1C38100864BEB /* Account */,
				3621756F22F1AACD00864BEB /* Info.plist */,
				3621759D22F1B21600864BEB /* IoTeX.h */,
			);
			path = Sources;
			sourceTree = "<group>";
		};
		3621757822F1AACD00864BEB /* Tests */ = {
			isa = PBXGroup;
			children = (
				3641843222FDAA8B00A368C3 /* ContractTests */,
				3641842D22FD717C00A368C3 /* CryptoTests */,
				36462D3822FBAF8F003D40B5 /* ActionTests */,
				364CC8DA22F818150017FCCB /* RpcTests */,
				3621758722F1ADFF00864BEB /* AccountTests */,
				3621757B22F1AACD00864BEB /* Info.plist */,
			);
			path = Tests;
			sourceTree = "<group>";
		};
		3621758722F1ADFF00864BEB /* AccountTests */ = {
			isa = PBXGroup;
			children = (
				3621757922F1AACD00864BEB /* AccountTests.swift */,
				361020D522F2AA4F00645057 /* KeystoreTests.swift */,
			);
			path = AccountTests;
			sourceTree = "<group>";
		};
		3621758D22F1B01200864BEB /* Frameworks */ = {
			isa = PBXGroup;
			children = (
				970A632F22F80F8300635F3E /* secp256k1.framework */,
				970A632D22F80F7F00635F3E /* CryptoSwift.framework */,
				3621758F22F1B01300864BEB /* CryptoSwift.framework */,
				3621758E22F1B01300864BEB /* secp256k1.framework */,
				B048B4B2E57880C6C4150D4F /* Pods_Shows_iotex_antenna_swift.framework */,
				FE2E1782B40A80C8C6CD8AEE /* Pods_Shows_iotex_antenna_swiftTests.framework */,
			);
			name = Frameworks;
			sourceTree = "<group>";
		};
		362175DA22F1C38100864BEB /* Account */ = {
			isa = PBXGroup;
			children = (
				361020D122F2A71300645057 /* Keystore.swift */,
				362175DB22F1C39300864BEB /* Account.swift */,
				361020D322F2A76D00645057 /* KeystoreFactory.swift */,
			);
			path = Account;
			sourceTree = "<group>";
		};
		362175DD22F1C3A200864BEB /* Crypto */ = {
			isa = PBXGroup;
			children = (
				36B3CC5F22FD479500FED146 /* Address.swift */,
				36DF24F422F2A6100065EDF7 /* ScryptParams.swift */,
				366A345922F2A5D20076923E /* Scrypt.swift */,
				3654181B22F1D2EA004382B1 /* Bech32.swift */,
				362175E122F1C41C00864BEB /* Secp256k1.swift */,
			);
			path = Crypto;
			sourceTree = "<group>";
		};
		362175DE22F1C3CB00864BEB /* Utils */ = {
			isa = PBXGroup;
			children = (
				362175DF22F1C3E700864BEB /* HexEncoding.swift */,
				3654182122F1F41E004382B1 /* BytesConvertible.swift */,
				3654182322F1F473004382B1 /* Bytes+SecureRandom.swift */,
				3654182522F1F4B5004382B1 /* Bytes+UInt.swift */,
				3654182722F1F5A9004382B1 /* Bytes+HexString.swift */,
				3654182922F1F5E1004382B1 /* Bytes+TrimLeadingZeros.swift */,
				3654182B22F277E5004382B1 /* String+HexBytes.swift */,
				36462D3022FA7882003D40B5 /* Data+Bytes.swift */,
				368F7AB022FD2234003DB452 /* String+Conversion.swift */,
			);
			path = Utils;
			sourceTree = "<group>";
		};
		3641842D22FD717C00A368C3 /* CryptoTests */ = {
			isa = PBXGroup;
			children = (
				3641842E22FD719100A368C3 /* AddressTests.swift */,
			);
			path = CryptoTests;
			sourceTree = "<group>";
		};
		3641843222FDAA8B00A368C3 /* ContractTests */ = {
			isa = PBXGroup;
			children = (
				3641843322FDAAAC00A368C3 /* ContractTests.swift */,
			);
			path = ContractTests;
			sourceTree = "<group>";
		};
		36462D2622FA616E003D40B5 /* Protocol */ = {
			isa = PBXGroup;
			children = (
				36462D2722FA6185003D40B5 /* IOTX.swift */,
				36462D2922FA6248003D40B5 /* Requests.swift */,
				36462D3422FA862E003D40B5 /* ActionRequest.swift */,
			);
			path = Protocol;
			sourceTree = "<group>";
		};
		36462D2B22FA6572003D40B5 /* Action */ = {
			isa = PBXGroup;
			children = (
				36462D2C22FA68A9003D40B5 /* Envelop.swift */,
				36462D2E22FA7426003D40B5 /* SealedEnvelop.swift */,
				36462D3222FA83D3003D40B5 /* AbstractMethod.swift */,
				36462D3622FBABF8003D40B5 /* TransferMethod.swift */,
				3692930E22FCDF1C00C7A5A0 /* ExecutionMethod.swift */,
			);
			path = Action;
			sourceTree = "<group>";
		};
		36462D3822FBAF8F003D40B5 /* ActionTests */ = {
			isa = PBXGroup;
			children = (
				36857A5E22FBB0C30062F990 /* TransferTests.swift */,
				368F7AA822FCFD52003DB452 /* ExecutionTests.swift */,
			);
			path = ActionTests;
			sourceTree = "<group>";
		};
		364CC8C422F814120017FCCB /* Protogen */ = {
			isa = PBXGroup;
			children = (
				364CC8CA22F8144F0017FCCB /* action.pb.swift */,
				364CC8CB22F8144F0017FCCB /* api.grpc.swift */,
				364CC8CC22F8144F0017FCCB /* api.pb.swift */,
				364CC8CD22F8144F0017FCCB /* blockchain.pb.swift */,
				364CC8C922F8144F0017FCCB /* consensus.pb.swift */,
				364CC8C722F8144F0017FCCB /* endorsement.pb.swift */,
				364CC8C522F8144F0017FCCB /* genesis.pb.swift */,
				364CC8C822F8144F0017FCCB /* node.pb.swift */,
				364CC8C622F8144F0017FCCB /* rpc.pb.swift */,
			);
			path = Protogen;
			sourceTree = "<group>";
		};
		364CC8D722F8155F0017FCCB /* Rpc */ = {
			isa = PBXGroup;
			children = (
				364CC8D822F815AA0017FCCB /* RPCMethod.swift */,
			);
			path = Rpc;
			sourceTree = "<group>";
		};
		364CC8DA22F818150017FCCB /* RpcTests */ = {
			isa = PBXGroup;
			children = (
				364CC8DB22F818320017FCCB /* RPCMethodTests.swift */,
			);
			path = RpcTests;
			sourceTree = "<group>";
		};
		368F7AAA22FD0059003DB452 /* Contract */ = {
			isa = PBXGroup;
			children = (
				3641843022FD771F00A368C3 /* Contract.swift */,
			);
			path = Contract;
			sourceTree = "<group>";
		};
		368F7AAB22FD0854003DB452 /* Solidity */ = {
			isa = PBXGroup;
			children = (
				3641841D22FD60AF00A368C3 /* SolidityWrappedValue.swift */,
				369DED7F22FD607500775D3B /* ABIEncoder.swift */,
				368F7AAC22FD0A7B003DB452 /* SolidityType.swift */,
				368F7AAE22FD0ABB003DB452 /* ABIConvertible.swift */,
				36B3CC6122FD5FFF00FED146 /* ABIDecoder.swift */,
				3641841F22FD60D700A368C3 /* SolidityTuple.swift */,
				3641842122FD650F00A368C3 /* SolidityEvent.swift */,
				3641842322FD655800A368C3 /* SolidityFunction.swift */,
				3641842722FD65BD00A368C3 /* ABIObject.swift */,
				3641842922FD683700A368C3 /* ABI.swift */,
				3641842B22FD689B00A368C3 /* SolidityType+Codable.swift */,
			);
			path = Solidity;
			sourceTree = "<group>";
		};
/* End PBXGroup section */

/* Begin PBXHeadersBuildPhase section */
		3621756622F1AACD00864BEB /* Headers */ = {
			isa = PBXHeadersBuildPhase;
			buildActionMask = 2147483647;
			files = (
			);
			runOnlyForDeploymentPostprocessing = 0;
		};
/* End PBXHeadersBuildPhase section */

/* Begin PBXNativeTarget section */
		3621756A22F1AACD00864BEB /* iotex-antenna-swift */ = {
			isa = PBXNativeTarget;
			buildConfigurationList = 3621757F22F1AACD00864BEB /* Build configuration list for PBXNativeTarget "iotex-antenna-swift" */;
			buildPhases = (
				BF122D7AA79DE461C9AFD0BA /* [CP] Check Pods Manifest.lock */,
				3621756622F1AACD00864BEB /* Headers */,
				3621756722F1AACD00864BEB /* Sources */,
				3621756822F1AACD00864BEB /* Frameworks */,
				3621756922F1AACD00864BEB /* Resources */,
			);
			buildRules = (
			);
			dependencies = (
			);
			name = "iotex-antenna-swift";
			productName = "iotex-swift";
			productReference = 3621756B22F1AACD00864BEB /* iotex_antenna_swift.framework */;
			productType = "com.apple.product-type.framework";
		};
		3621757322F1AACD00864BEB /* iotex-antenna-swiftTests */ = {
			isa = PBXNativeTarget;
			buildConfigurationList = 3621758222F1AACD00864BEB /* Build configuration list for PBXNativeTarget "iotex-antenna-swiftTests" */;
			buildPhases = (
				E9C9E6C4009E5E3010A04C49 /* [CP] Check Pods Manifest.lock */,
				3621757022F1AACD00864BEB /* Sources */,
				3621757122F1AACD00864BEB /* Frameworks */,
				3621757222F1AACD00864BEB /* Resources */,
				5D910E000327201517B6099B /* [CP] Embed Pods Frameworks */,
			);
			buildRules = (
			);
			dependencies = (
				3621757722F1AACD00864BEB /* PBXTargetDependency */,
			);
			name = "iotex-antenna-swiftTests";
			productName = "iotex-swiftTests";
			productReference = 3621757422F1AACD00864BEB /* iotex-antenna-swiftTests.xctest */;
			productType = "com.apple.product-type.bundle.unit-test";
		};
/* End PBXNativeTarget section */

/* Begin PBXProject section */
		3621756222F1AACD00864BEB /* Project object */ = {
			isa = PBXProject;
			attributes = {
				LastSwiftUpdateCheck = 1030;
				LastUpgradeCheck = 1030;
				ORGANIZATIONNAME = IoTeX;
				TargetAttributes = {
					3621756A22F1AACD00864BEB = {
						CreatedOnToolsVersion = 10.3;
						LastSwiftMigration = 1030;
					};
					3621757322F1AACD00864BEB = {
						CreatedOnToolsVersion = 10.3;
					};
				};
			};
			buildConfigurationList = 3621756522F1AACD00864BEB /* Build configuration list for PBXProject "iotex-antenna-swift" */;
			compatibilityVersion = "Xcode 9.3";
			developmentRegion = en;
			hasScannedForEncodings = 0;
			knownRegions = (
				en,
			);
			mainGroup = 3621756122F1AACD00864BEB;
			productRefGroup = 3621756C22F1AACD00864BEB /* Products */;
			projectDirPath = "";
			projectRoot = "";
			targets = (
				3621756A22F1AACD00864BEB /* iotex-antenna-swift */,
				3621757322F1AACD00864BEB /* iotex-antenna-swiftTests */,
			);
		};
/* End PBXProject section */

/* Begin PBXResourcesBuildPhase section */
		3621756922F1AACD00864BEB /* Resources */ = {
			isa = PBXResourcesBuildPhase;
			buildActionMask = 2147483647;
			files = (
				36486B5422F7C44700FD5567 /* proto in Resources */,
				3621758C22F1AECF00864BEB /* README.md in Resources */,
			);
			runOnlyForDeploymentPostprocessing = 0;
		};
		3621757222F1AACD00864BEB /* Resources */ = {
			isa = PBXResourcesBuildPhase;
			buildActionMask = 2147483647;
			files = (
			);
			runOnlyForDeploymentPostprocessing = 0;
		};
/* End PBXResourcesBuildPhase section */

/* Begin PBXShellScriptBuildPhase section */
		5D910E000327201517B6099B /* [CP] Embed Pods Frameworks */ = {
			isa = PBXShellScriptBuildPhase;
			buildActionMask = 2147483647;
			files = (
			);
			inputFileListPaths = (
				"${PODS_ROOT}/Target Support Files/Pods-Shows-iotex-antenna-swiftTests/Pods-Shows-iotex-antenna-swiftTests-frameworks-${CONFIGURATION}-input-files.xcfilelist",
			);
			name = "[CP] Embed Pods Frameworks";
			outputFileListPaths = (
				"${PODS_ROOT}/Target Support Files/Pods-Shows-iotex-antenna-swiftTests/Pods-Shows-iotex-antenna-swiftTests-frameworks-${CONFIGURATION}-output-files.xcfilelist",
			);
			runOnlyForDeploymentPostprocessing = 0;
			shellPath = /bin/sh;
			shellScript = "\"${PODS_ROOT}/Target Support Files/Pods-Shows-iotex-antenna-swiftTests/Pods-Shows-iotex-antenna-swiftTests-frameworks.sh\"\n";
			showEnvVarsInLog = 0;
		};
		BF122D7AA79DE461C9AFD0BA /* [CP] Check Pods Manifest.lock */ = {
			isa = PBXShellScriptBuildPhase;
			buildActionMask = 2147483647;
			files = (
			);
			inputFileListPaths = (
			);
			inputPaths = (
				"${PODS_PODFILE_DIR_PATH}/Podfile.lock",
				"${PODS_ROOT}/Manifest.lock",
			);
			name = "[CP] Check Pods Manifest.lock";
			outputFileListPaths = (
			);
			outputPaths = (
				"$(DERIVED_FILE_DIR)/Pods-Shows-iotex-antenna-swift-checkManifestLockResult.txt",
			);
			runOnlyForDeploymentPostprocessing = 0;
			shellPath = /bin/sh;
			shellScript = "diff \"${PODS_PODFILE_DIR_PATH}/Podfile.lock\" \"${PODS_ROOT}/Manifest.lock\" > /dev/null\nif [ $? != 0 ] ; then\n    # print error to STDERR\n    echo \"error: The sandbox is not in sync with the Podfile.lock. Run 'pod install' or update your CocoaPods installation.\" >&2\n    exit 1\nfi\n# This output is used by Xcode 'outputs' to avoid re-running this script phase.\necho \"SUCCESS\" > \"${SCRIPT_OUTPUT_FILE_0}\"\n";
			showEnvVarsInLog = 0;
		};
		E9C9E6C4009E5E3010A04C49 /* [CP] Check Pods Manifest.lock */ = {
			isa = PBXShellScriptBuildPhase;
			buildActionMask = 2147483647;
			files = (
			);
			inputFileListPaths = (
			);
			inputPaths = (
				"${PODS_PODFILE_DIR_PATH}/Podfile.lock",
				"${PODS_ROOT}/Manifest.lock",
			);
			name = "[CP] Check Pods Manifest.lock";
			outputFileListPaths = (
			);
			outputPaths = (
				"$(DERIVED_FILE_DIR)/Pods-Shows-iotex-antenna-swiftTests-checkManifestLockResult.txt",
			);
			runOnlyForDeploymentPostprocessing = 0;
			shellPath = /bin/sh;
			shellScript = "diff \"${PODS_PODFILE_DIR_PATH}/Podfile.lock\" \"${PODS_ROOT}/Manifest.lock\" > /dev/null\nif [ $? != 0 ] ; then\n    # print error to STDERR\n    echo \"error: The sandbox is not in sync with the Podfile.lock. Run 'pod install' or update your CocoaPods installation.\" >&2\n    exit 1\nfi\n# This output is used by Xcode 'outputs' to avoid re-running this script phase.\necho \"SUCCESS\" > \"${SCRIPT_OUTPUT_FILE_0}\"\n";
			showEnvVarsInLog = 0;
		};
/* End PBXShellScriptBuildPhase section */

/* Begin PBXSourcesBuildPhase section */
		3621756722F1AACD00864BEB /* Sources */ = {
			isa = PBXSourcesBuildPhase;
			buildActionMask = 2147483647;
			files = (
				3654182C22F277E5004382B1 /* String+HexBytes.swift in Sources */,
				3654182622F1F4B5004382B1 /* Bytes+UInt.swift in Sources */,
				36DF24F522F2A6100065EDF7 /* ScryptParams.swift in Sources */,
				362175E022F1C3E700864BEB /* HexEncoding.swift in Sources */,
				364CC8D322F8144F0017FCCB /* action.pb.swift in Sources */,
				3641842C22FD689B00A368C3 /* SolidityType+Codable.swift in Sources */,
				36462D3522FA862E003D40B5 /* ActionRequest.swift in Sources */,
				3641842422FD655800A368C3 /* SolidityFunction.swift in Sources */,
				364CC8D122F8144F0017FCCB /* node.pb.swift in Sources */,
				364CC8D022F8144F0017FCCB /* endorsement.pb.swift in Sources */,
				364CC8D622F8144F0017FCCB /* blockchain.pb.swift in Sources */,
				364CC8D922F815AA0017FCCB /* RPCMethod.swift in Sources */,
				3641842022FD60D700A368C3 /* SolidityTuple.swift in Sources */,
				361020D422F2A76D00645057 /* KeystoreFactory.swift in Sources */,
				3654182222F1F41E004382B1 /* BytesConvertible.swift in Sources */,
				368F7AAD22FD0A7B003DB452 /* SolidityType.swift in Sources */,
				364CC8D422F8144F0017FCCB /* api.grpc.swift in Sources */,
				366A345A22F2A5D20076923E /* Scrypt.swift in Sources */,
				362175DC22F1C39300864BEB /* Account.swift in Sources */,
				364CC8D222F8144F0017FCCB /* consensus.pb.swift in Sources */,
				369DED8022FD607500775D3B /* ABIEncoder.swift in Sources */,
				364CC8D522F8144F0017FCCB /* api.pb.swift in Sources */,
				3641843122FD771F00A368C3 /* Contract.swift in Sources */,
				361020D222F2A71300645057 /* Keystore.swift in Sources */,
				36B3CC6222FD5FFF00FED146 /* ABIDecoder.swift in Sources */,
				36462D2A22FA6248003D40B5 /* Requests.swift in Sources */,
				36B3CC6022FD479500FED146 /* Address.swift in Sources */,
				3641842A22FD683700A368C3 /* ABI.swift in Sources */,
				36462D2822FA6185003D40B5 /* IOTX.swift in Sources */,
				36462D2D22FA68A9003D40B5 /* Envelop.swift in Sources */,
				36462D3722FBABF8003D40B5 /* TransferMethod.swift in Sources */,
				36462D3322FA83D4003D40B5 /* AbstractMethod.swift in Sources */,
				3641842822FD65BD00A368C3 /* ABIObject.swift in Sources */,
				368F7AAF22FD0ABB003DB452 /* ABIConvertible.swift in Sources */,
				3654182422F1F473004382B1 /* Bytes+SecureRandom.swift in Sources */,
				3654182A22F1F5E1004382B1 /* Bytes+TrimLeadingZeros.swift in Sources */,
				3641841E22FD60AF00A368C3 /* SolidityWrappedValue.swift in Sources */,
				36462D3122FA7882003D40B5 /* Data+Bytes.swift in Sources */,
				3654181C22F1D2EA004382B1 /* Bech32.swift in Sources */,
				364CC8CF22F8144F0017FCCB /* rpc.pb.swift in Sources */,
				3654182822F1F5A9004382B1 /* Bytes+HexString.swift in Sources */,
				36462D2F22FA7426003D40B5 /* SealedEnvelop.swift in Sources */,
				3641842222FD650F00A368C3 /* SolidityEvent.swift in Sources */,
				364CC8CE22F8144F0017FCCB /* genesis.pb.swift in Sources */,
				3692930F22FCDF1C00C7A5A0 /* ExecutionMethod.swift in Sources */,
				368F7AB122FD2234003DB452 /* String+Conversion.swift in Sources */,
				362175E222F1C41C00864BEB /* Secp256k1.swift in Sources */,
			);
			runOnlyForDeploymentPostprocessing = 0;
		};
		3621757022F1AACD00864BEB /* Sources */ = {
			isa = PBXSourcesBuildPhase;
			buildActionMask = 2147483647;
			files = (
				3641843422FDAAAC00A368C3 /* ContractTests.swift in Sources */,
				368F7AA922FCFD52003DB452 /* ExecutionTests.swift in Sources */,
				364CC8DC22F818320017FCCB /* RPCMethodTests.swift in Sources */,
				3641842F22FD719100A368C3 /* AddressTests.swift in Sources */,
				3621757A22F1AACD00864BEB /* AccountTests.swift in Sources */,
				36857A5F22FBB0C30062F990 /* TransferTests.swift in Sources */,
				361020D622F2AA4F00645057 /* KeystoreTests.swift in Sources */,
			);
			runOnlyForDeploymentPostprocessing = 0;
		};
/* End PBXSourcesBuildPhase section */

/* Begin PBXTargetDependency section */
		3621757722F1AACD00864BEB /* PBXTargetDependency */ = {
			isa = PBXTargetDependency;
			target = 3621756A22F1AACD00864BEB /* iotex-antenna-swift */;
			targetProxy = 3621757622F1AACD00864BEB /* PBXContainerItemProxy */;
		};
/* End PBXTargetDependency section */

/* Begin XCBuildConfiguration section */
		3621757D22F1AACD00864BEB /* Debug */ = {
			isa = XCBuildConfiguration;
			buildSettings = {
				ALWAYS_SEARCH_USER_PATHS = NO;
				CLANG_ANALYZER_NONNULL = YES;
				CLANG_ANALYZER_NUMBER_OBJECT_CONVERSION = YES_AGGRESSIVE;
				CLANG_CXX_LANGUAGE_STANDARD = "gnu++14";
				CLANG_CXX_LIBRARY = "libc++";
				CLANG_ENABLE_MODULES = YES;
				CLANG_ENABLE_OBJC_ARC = YES;
				CLANG_ENABLE_OBJC_WEAK = YES;
				CLANG_WARN_BLOCK_CAPTURE_AUTORELEASING = YES;
				CLANG_WARN_BOOL_CONVERSION = YES;
				CLANG_WARN_COMMA = YES;
				CLANG_WARN_CONSTANT_CONVERSION = YES;
				CLANG_WARN_DEPRECATED_OBJC_IMPLEMENTATIONS = YES;
				CLANG_WARN_DIRECT_OBJC_ISA_USAGE = YES_ERROR;
				CLANG_WARN_DOCUMENTATION_COMMENTS = YES;
				CLANG_WARN_EMPTY_BODY = YES;
				CLANG_WARN_ENUM_CONVERSION = YES;
				CLANG_WARN_INFINITE_RECURSION = YES;
				CLANG_WARN_INT_CONVERSION = YES;
				CLANG_WARN_NON_LITERAL_NULL_CONVERSION = YES;
				CLANG_WARN_OBJC_IMPLICIT_RETAIN_SELF = YES;
				CLANG_WARN_OBJC_LITERAL_CONVERSION = YES;
				CLANG_WARN_OBJC_ROOT_CLASS = YES_ERROR;
				CLANG_WARN_RANGE_LOOP_ANALYSIS = YES;
				CLANG_WARN_STRICT_PROTOTYPES = YES;
				CLANG_WARN_SUSPICIOUS_MOVE = YES;
				CLANG_WARN_UNGUARDED_AVAILABILITY = YES_AGGRESSIVE;
				CLANG_WARN_UNREACHABLE_CODE = YES;
				CLANG_WARN__DUPLICATE_METHOD_MATCH = YES;
				CODE_SIGN_IDENTITY = "iPhone Developer";
				COPY_PHASE_STRIP = NO;
				CURRENT_PROJECT_VERSION = 1;
				DEBUG_INFORMATION_FORMAT = dwarf;
				ENABLE_STRICT_OBJC_MSGSEND = YES;
				ENABLE_TESTABILITY = YES;
				GCC_C_LANGUAGE_STANDARD = gnu11;
				GCC_DYNAMIC_NO_PIC = NO;
				GCC_NO_COMMON_BLOCKS = YES;
				GCC_OPTIMIZATION_LEVEL = 0;
				GCC_PREPROCESSOR_DEFINITIONS = (
					"DEBUG=1",
					"$(inherited)",
				);
				GCC_WARN_64_TO_32_BIT_CONVERSION = YES;
				GCC_WARN_ABOUT_RETURN_TYPE = YES_ERROR;
				GCC_WARN_UNDECLARED_SELECTOR = YES;
				GCC_WARN_UNINITIALIZED_AUTOS = YES_AGGRESSIVE;
				GCC_WARN_UNUSED_FUNCTION = YES;
				GCC_WARN_UNUSED_VARIABLE = YES;
				IPHONEOS_DEPLOYMENT_TARGET = 12.4;
				MTL_ENABLE_DEBUG_INFO = INCLUDE_SOURCE;
				MTL_FAST_MATH = YES;
				ONLY_ACTIVE_ARCH = YES;
				SDKROOT = iphoneos;
				SWIFT_ACTIVE_COMPILATION_CONDITIONS = DEBUG;
				SWIFT_OPTIMIZATION_LEVEL = "-Onone";
				VERSIONING_SYSTEM = "apple-generic";
				VERSION_INFO_PREFIX = "";
			};
			name = Debug;
		};
		3621757E22F1AACD00864BEB /* Release */ = {
			isa = XCBuildConfiguration;
			buildSettings = {
				ALWAYS_SEARCH_USER_PATHS = NO;
				CLANG_ANALYZER_NONNULL = YES;
				CLANG_ANALYZER_NUMBER_OBJECT_CONVERSION = YES_AGGRESSIVE;
				CLANG_CXX_LANGUAGE_STANDARD = "gnu++14";
				CLANG_CXX_LIBRARY = "libc++";
				CLANG_ENABLE_MODULES = YES;
				CLANG_ENABLE_OBJC_ARC = YES;
				CLANG_ENABLE_OBJC_WEAK = YES;
				CLANG_WARN_BLOCK_CAPTURE_AUTORELEASING = YES;
				CLANG_WARN_BOOL_CONVERSION = YES;
				CLANG_WARN_COMMA = YES;
				CLANG_WARN_CONSTANT_CONVERSION = YES;
				CLANG_WARN_DEPRECATED_OBJC_IMPLEMENTATIONS = YES;
				CLANG_WARN_DIRECT_OBJC_ISA_USAGE = YES_ERROR;
				CLANG_WARN_DOCUMENTATION_COMMENTS = YES;
				CLANG_WARN_EMPTY_BODY = YES;
				CLANG_WARN_ENUM_CONVERSION = YES;
				CLANG_WARN_INFINITE_RECURSION = YES;
				CLANG_WARN_INT_CONVERSION = YES;
				CLANG_WARN_NON_LITERAL_NULL_CONVERSION = YES;
				CLANG_WARN_OBJC_IMPLICIT_RETAIN_SELF = YES;
				CLANG_WARN_OBJC_LITERAL_CONVERSION = YES;
				CLANG_WARN_OBJC_ROOT_CLASS = YES_ERROR;
				CLANG_WARN_RANGE_LOOP_ANALYSIS = YES;
				CLANG_WARN_STRICT_PROTOTYPES = YES;
				CLANG_WARN_SUSPICIOUS_MOVE = YES;
				CLANG_WARN_UNGUARDED_AVAILABILITY = YES_AGGRESSIVE;
				CLANG_WARN_UNREACHABLE_CODE = YES;
				CLANG_WARN__DUPLICATE_METHOD_MATCH = YES;
				CODE_SIGN_IDENTITY = "iPhone Developer";
				COPY_PHASE_STRIP = NO;
				CURRENT_PROJECT_VERSION = 1;
				DEBUG_INFORMATION_FORMAT = "dwarf-with-dsym";
				ENABLE_NS_ASSERTIONS = NO;
				ENABLE_STRICT_OBJC_MSGSEND = YES;
				GCC_C_LANGUAGE_STANDARD = gnu11;
				GCC_NO_COMMON_BLOCKS = YES;
				GCC_WARN_64_TO_32_BIT_CONVERSION = YES;
				GCC_WARN_ABOUT_RETURN_TYPE = YES_ERROR;
				GCC_WARN_UNDECLARED_SELECTOR = YES;
				GCC_WARN_UNINITIALIZED_AUTOS = YES_AGGRESSIVE;
				GCC_WARN_UNUSED_FUNCTION = YES;
				GCC_WARN_UNUSED_VARIABLE = YES;
				IPHONEOS_DEPLOYMENT_TARGET = 12.4;
				MTL_ENABLE_DEBUG_INFO = NO;
				MTL_FAST_MATH = YES;
				ONLY_ACTIVE_ARCH = YES;
				SDKROOT = iphoneos;
				SWIFT_COMPILATION_MODE = wholemodule;
				SWIFT_OPTIMIZATION_LEVEL = "-O";
				VALIDATE_PRODUCT = YES;
				VERSIONING_SYSTEM = "apple-generic";
				VERSION_INFO_PREFIX = "";
			};
			name = Release;
		};
		3621758022F1AACD00864BEB /* Debug */ = {
			isa = XCBuildConfiguration;
			baseConfigurationReference = 257CB428DEE42440A93AA9A7 /* Pods-Shows-iotex-antenna-swift.debug.xcconfig */;
			buildSettings = {
				CLANG_ENABLE_MODULES = YES;
				CODE_SIGN_IDENTITY = "";
				CODE_SIGN_STYLE = Automatic;
				DEFINES_MODULE = YES;
				DYLIB_COMPATIBILITY_VERSION = 1;
				DYLIB_CURRENT_VERSION = 1;
				DYLIB_INSTALL_NAME_BASE = "@rpath";
				FRAMEWORK_SEARCH_PATHS = "$(inherited)";
				INFOPLIST_FILE = Sources/Info.plist;
				INSTALL_PATH = "$(LOCAL_LIBRARY_DIR)/Frameworks";
				LD_RUNPATH_SEARCH_PATHS = (
					"$(inherited)",
					"@executable_path/Frameworks",
					"@loader_path/Frameworks",
				);
				PRODUCT_BUNDLE_IDENTIFIER = "io.iotex.iotex-swift";
				PRODUCT_NAME = "$(TARGET_NAME:c99extidentifier)";
				SKIP_INSTALL = YES;
				SWIFT_OPTIMIZATION_LEVEL = "-Onone";
				SWIFT_VERSION = 5.0;
				TARGETED_DEVICE_FAMILY = "1,2";
			};
			name = Debug;
		};
		3621758122F1AACD00864BEB /* Release */ = {
			isa = XCBuildConfiguration;
			baseConfigurationReference = F2E804B13314AD4B8074B9A6 /* Pods-Shows-iotex-antenna-swift.release.xcconfig */;
			buildSettings = {
				CLANG_ENABLE_MODULES = YES;
				CODE_SIGN_IDENTITY = "";
				CODE_SIGN_STYLE = Automatic;
				DEFINES_MODULE = YES;
				DYLIB_COMPATIBILITY_VERSION = 1;
				DYLIB_CURRENT_VERSION = 1;
				DYLIB_INSTALL_NAME_BASE = "@rpath";
				FRAMEWORK_SEARCH_PATHS = "$(inherited)";
				INFOPLIST_FILE = Sources/Info.plist;
				INSTALL_PATH = "$(LOCAL_LIBRARY_DIR)/Frameworks";
				LD_RUNPATH_SEARCH_PATHS = (
					"$(inherited)",
					"@executable_path/Frameworks",
					"@loader_path/Frameworks",
				);
				PRODUCT_BUNDLE_IDENTIFIER = "io.iotex.iotex-swift";
				PRODUCT_NAME = "$(TARGET_NAME:c99extidentifier)";
				SKIP_INSTALL = YES;
				SWIFT_VERSION = 5.0;
				TARGETED_DEVICE_FAMILY = "1,2";
			};
			name = Release;
		};
		3621758322F1AACD00864BEB /* Debug */ = {
			isa = XCBuildConfiguration;
			baseConfigurationReference = F7625C34EFB9EEC013EC978C /* Pods-Shows-iotex-antenna-swiftTests.debug.xcconfig */;
			buildSettings = {
				ALWAYS_EMBED_SWIFT_STANDARD_LIBRARIES = YES;
				CODE_SIGN_STYLE = Automatic;
				FRAMEWORK_SEARCH_PATHS = "$(inherited)";
				INFOPLIST_FILE = Tests/Info.plist;
				LD_RUNPATH_SEARCH_PATHS = (
					"$(inherited)",
					"@executable_path/Frameworks",
					"@loader_path/Frameworks",
				);
				PRODUCT_BUNDLE_IDENTIFIER = "io.iotex.iotex-swiftTests";
				PRODUCT_NAME = "$(TARGET_NAME)";
				SWIFT_VERSION = 5.0;
				TARGETED_DEVICE_FAMILY = "1,2";
			};
			name = Debug;
		};
		3621758422F1AACD00864BEB /* Release */ = {
			isa = XCBuildConfiguration;
			baseConfigurationReference = 17685FAFD35761A6E56BDA0C /* Pods-Shows-iotex-antenna-swiftTests.release.xcconfig */;
			buildSettings = {
				ALWAYS_EMBED_SWIFT_STANDARD_LIBRARIES = YES;
				CODE_SIGN_STYLE = Automatic;
				FRAMEWORK_SEARCH_PATHS = "$(inherited)";
				INFOPLIST_FILE = Tests/Info.plist;
				LD_RUNPATH_SEARCH_PATHS = (
					"$(inherited)",
					"@executable_path/Frameworks",
					"@loader_path/Frameworks",
				);
				PRODUCT_BUNDLE_IDENTIFIER = "io.iotex.iotex-swiftTests";
				PRODUCT_NAME = "$(TARGET_NAME)";
				SWIFT_VERSION = 5.0;
				TARGETED_DEVICE_FAMILY = "1,2";
			};
			name = Release;
		};
/* End XCBuildConfiguration section */

/* Begin XCConfigurationList section */
		3621756522F1AACD00864BEB /* Build configuration list for PBXProject "iotex-antenna-swift" */ = {
			isa = XCConfigurationList;
			buildConfigurations = (
				3621757D22F1AACD00864BEB /* Debug */,
				3621757E22F1AACD00864BEB /* Release */,
			);
			defaultConfigurationIsVisible = 0;
			defaultConfigurationName = Release;
		};
		3621757F22F1AACD00864BEB /* Build configuration list for PBXNativeTarget "iotex-antenna-swift" */ = {
			isa = XCConfigurationList;
			buildConfigurations = (
				3621758022F1AACD00864BEB /* Debug */,
				3621758122F1AACD00864BEB /* Release */,
			);
			defaultConfigurationIsVisible = 0;
			defaultConfigurationName = Release;
		};
		3621758222F1AACD00864BEB /* Build configuration list for PBXNativeTarget "iotex-antenna-swiftTests" */ = {
			isa = XCConfigurationList;
			buildConfigurations = (
				3621758322F1AACD00864BEB /* Debug */,
				3621758422F1AACD00864BEB /* Release */,
			);
			defaultConfigurationIsVisible = 0;
			defaultConfigurationName = Release;
		};
/* End XCConfigurationList section */
	};
	rootObject = 3621756222F1AACD00864BEB /* Project object */;
}
